
Microsoft Visual Studio Solution File, Format Version 12.00
# Visual Studio Version 16
VisualStudioVersion = 16.0.32428.217
MinimumVisualStudioVersion = 10.0.40219.1
Project("{FAE04EC0-301F-11D3-BF4B-00C04F79EFBC}") = "MVCDemo", "MVCDemo\MVCDemo.csproj", "{99A26C1E-E25B-4E06-B002-B17A95E7B00F}"
EndProject
Global
	GlobalSection(SolutionConfigurationPlatforms) = preSolution
		Debug|Any CPU = Debug|Any CPU
		Release|Any CPU = Release|Any CPU
	EndGlobalSection
	GlobalSection(ProjectConfigurationPlatforms) = postSolution
		{99A26C1E-E25B-4E06-B002-B17A95E7B00F}.Debug|Any CPU.ActiveCfg = Debug|Any CPU
		{99A26C1E-E25B-4E06-B002-B17A95E7B00F}.Debug|Any CPU.Build.0 = Debug|Any CPU
		{99A26C1E-E25B-4E06-B002-B17A95E7B00F}.Release|Any CPU.ActiveCfg = Release|Any CPU
		{99A26C1E-E25B-4E06-B002-B17A95E7B00F}.Release|Any CPU.Build.0 = Release|Any CPU
	EndGlobalSection
	GlobalSection(SolutionProperties) = preSolution
		HideSolutionNode = FALSE
	EndGlobalSection
	GlobalSection(ExtensibilityGlobals) = postSolution
		SolutionGuid = {F468C708-2904-4B5D-9812-2332ED266F33}
	EndGlobalSection
EndGlobal
